" Generated by vim-plug
" Sun 06 Sep 2020 10:33:33 AM CDT
" :source this file in vim to restore the snapshot
" or execute: vim -S snapshot.vim

silent! let g:plugs['ack.vim'].commit = '36e40f9'
silent! let g:plugs['ale'].commit = '5bc49d2'
silent! let g:plugs['asyncrun.vim'].commit = '58d23e7'
silent! let g:plugs['context.vim'].commit = '0b2163b'
silent! let g:plugs['denite-git'].commit = '281f451'
silent! let g:plugs['denite.nvim'].commit = '5fbc044'
silent! let g:plugs['deoplete-jedi'].commit = '2786058'
silent! let g:plugs['deoplete.nvim'].commit = '7ab4c1b'
silent! let g:plugs['diffconflicts'].commit = '205e0e0'
silent! let g:plugs['jedi-vim'].commit = 'a17b033'
silent! let g:plugs['nerdtree'].commit = '577ddc7'
silent! let g:plugs['quicksilver.vim'].commit = 'c49bff2'
silent! let g:plugs['rainbow'].commit = '4d15633'
silent! let g:plugs['semshi'].commit = '801d0c9'
silent! let g:plugs['supertab'].commit = '40fe711'
silent! let g:plugs['tagbar'].commit = 'e1c2c98'
silent! let g:plugs['vader.vim'].commit = '6fff477'
silent! let g:plugs['vim-abolish'].commit = '7e4da6e'
silent! let g:plugs['vim-bufferline'].commit = '651fd01'
silent! let g:plugs['vim-colorschemes'].commit = 'c512d6f'
silent! let g:plugs['vim-exchange'].commit = '0e95600'
silent! let g:plugs['vim-fugitive'].commit = '511d303'
silent! let g:plugs['vim-gitgutter'].commit = '098b9c8'
silent! let g:plugs['vim-line-no-indicator'].commit = 'e6b053b'
silent! let g:plugs['vim-mundo'].commit = 'f6b2408'
silent! let g:plugs['vim-polyglot'].commit = 'd9ee362'
silent! let g:plugs['vim-repeat'].commit = 'c947ad2'
silent! let g:plugs['vim-rooter'].commit = 'be83e5b'
silent! let g:plugs['vim-signature'].commit = '6bc3dd1'
silent! let g:plugs['vim-solidity'].commit = '569bbbe'
silent! let g:plugs['vim-startify'].commit = '593388d'
silent! let g:plugs['vim-surround'].commit = 'f51a26d'
silent! let g:plugs['vim-textobj-multiline-str'].commit = 'f3370f6'
silent! let g:plugs['vim-textobj-user'].commit = '41a675d'

PlugUpdate!

