" Generated by vim-plug
" Mon 26 Aug 2019 01:53:06 PM CDT
" :source this file in vim to restore the snapshot
" or execute: vim -S snapshot.vim

silent! let g:plugs['ack.vim'].commit = '36e40f9'
silent! let g:plugs['ale'].commit = '73812c3'
silent! let g:plugs['asyncrun.vim'].commit = '1493952'
silent! let g:plugs['black'].commit = '3dc461a'
silent! let g:plugs['deoplete-jedi'].commit = '46121d9'
silent! let g:plugs['deoplete.nvim'].commit = '505b883'
silent! let g:plugs['diffconflicts'].commit = '61765d0'
silent! let g:plugs['git-messenger.vim'].commit = '72975c9'
silent! let g:plugs['jedi-vim'].commit = '4f2499e'
silent! let g:plugs['moby'].commit = '38ab9da003'
silent! let g:plugs['nerdtree'].commit = '9afab62'
silent! let g:plugs['quicksilver.vim'].commit = 'f1150af'
silent! let g:plugs['rainbow'].commit = '04b7723'
silent! let g:plugs['semshi'].commit = '527ebc5'
silent! let g:plugs['supertab'].commit = '40fe711'
silent! let g:plugs['tagbar'].commit = '387bbad'
silent! let g:plugs['vader.vim'].commit = 'de8a976'
silent! let g:plugs['vim-abolish'].commit = 'b95463a'
silent! let g:plugs['vim-bufferline'].commit = '651fd01'
silent! let g:plugs['vim-colorschemes'].commit = 'c512d6f'
silent! let g:plugs['vim-exchange'].commit = '05d82b8'
silent! let g:plugs['vim-fugitive'].commit = 'b97a9ab'
silent! let g:plugs['vim-gitgutter'].commit = 'e929cb8'
silent! let g:plugs['vim-isort'].commit = 'b749d00'
silent! let g:plugs['vim-mundo'].commit = 'a32f8af'
silent! let g:plugs['vim-polyglot'].commit = '3ddca5d'
silent! let g:plugs['vim-repeat'].commit = 'ae361be'
silent! let g:plugs['vim-rooter'].commit = 'eef9813'
silent! let g:plugs['vim-signature'].commit = '6bc3dd1'
silent! let g:plugs['vim-solidity'].commit = '569bbbe'
silent! let g:plugs['vim-startify'].commit = 'd784958'
silent! let g:plugs['vim-surround'].commit = 'fab8621'

PlugUpdate!

