" Generated by vim-plug
" Tue 23 Jul 2019 07:37:53 AM CDT
" :source this file in vim to restore the snapshot
" or execute: vim -S snapshot.vim

silent! let g:plugs['ack.vim'].commit = '36e40f9'
silent! let g:plugs['ale'].commit = 'aae6d30'
silent! let g:plugs['asyncrun.vim'].commit = '8633bd7'
silent! let g:plugs['black'].commit = 'ffa676c'
silent! let g:plugs['csv.vim'].commit = 'f8d2458'
silent! let g:plugs['deoplete-jedi'].commit = '46121d9'
silent! let g:plugs['deoplete.nvim'].commit = '53ad762'
silent! let g:plugs['diffconflicts'].commit = '61765d0'
silent! let g:plugs['git-messenger.vim'].commit = '4bc69bd'
silent! let g:plugs['jedi-vim'].commit = 'b9f8317'
silent! let g:plugs['moby'].commit = 'a9dc697fd2'
silent! let g:plugs['nerdtree'].commit = '63c5920'
silent! let g:plugs['quicksilver.vim'].commit = 'f1150af'
silent! let g:plugs['rainbow'].commit = '04b7723'
silent! let g:plugs['semshi'].commit = '527ebc5'
silent! let g:plugs['supertab'].commit = '40fe711'
silent! let g:plugs['tagbar'].commit = '387bbad'
silent! let g:plugs['vader.vim'].commit = 'de8a976'
silent! let g:plugs['vim-abolish'].commit = 'b95463a'
silent! let g:plugs['vim-bufferline'].commit = '651fd01'
silent! let g:plugs['vim-colorschemes'].commit = 'c512d6f'
silent! let g:plugs['vim-exchange'].commit = '05d82b8'
silent! let g:plugs['vim-fugitive'].commit = '1fe6202'
silent! let g:plugs['vim-gitgutter'].commit = '9147174'
silent! let g:plugs['vim-isort'].commit = 'b749d00'
silent! let g:plugs['vim-mundo'].commit = 'a32f8af'
silent! let g:plugs['vim-polyglot'].commit = '3ddca5d'
silent! let g:plugs['vim-repeat'].commit = '0b9b5e7'
silent! let g:plugs['vim-rooter'].commit = 'eef9813'
silent! let g:plugs['vim-signature'].commit = '6bc3dd1'
silent! let g:plugs['vim-solidity'].commit = '569bbbe'
silent! let g:plugs['vim-startify'].commit = 'a27df83'
silent! let g:plugs['vim-surround'].commit = 'fab8621'

PlugUpdate!

